
Microsoft Visual Studio Solution File, Format Version 12.00
# Visual Studio Version 16
VisualStudioVersion = 16.0.30320.27
MinimumVisualStudioVersion = 10.0.40219.1
Project("{FAE04EC0-301F-11D3-BF4B-00C04F79EFBC}") = "S3ProxySvc", "S3ProxySvc.csproj", "{8AA44742-668B-4DC4-9697-A5B961C0B5E3}"
EndProject
Global
	GlobalSection(SolutionConfigurationPlatforms) = preSolution
		Debug|Any CPU = Debug|Any CPU
		Release|Any CPU = Release|Any CPU
	EndGlobalSection
	GlobalSection(ProjectConfigurationPlatforms) = postSolution
		{8AA44742-668B-4DC4-9697-A5B961C0B5E3}.Debug|Any CPU.ActiveCfg = Debug|Any CPU
		{8AA44742-668B-4DC4-9697-A5B961C0B5E3}.Debug|Any CPU.Build.0 = Debug|Any CPU
		{8AA44742-668B-4DC4-9697-A5B961C0B5E3}.Release|Any CPU.ActiveCfg = Release|Any CPU
		{8AA44742-668B-4DC4-9697-A5B961C0B5E3}.Release|Any CPU.Build.0 = Release|Any CPU
	EndGlobalSection
	GlobalSection(SolutionProperties) = preSolution
		HideSolutionNode = FALSE
	EndGlobalSection
	GlobalSection(ExtensibilityGlobals) = postSolution
		SolutionGuid = {91488386-E998-479E-AE75-AEE5BC1D3831}
	EndGlobalSection
EndGlobal
